{
  "version": 4,
  "terraform_version": "0.12.13",
  "serial": 9,
  "lineage": "edc1f49d-d50c-d430-11ec-0c0b345b2403",
  "outputs": {
    "local_ad": {
      "value": "ltaS:EU-FRANKFURT-1-AD-1",
      "type": "string"
    },
    "private_key": {
      "value": "-----BEGIN RSA PRIVATE KEY-----\nMIIEpQIBAAKCAQEAuop4y24lW5YOA1fg1KQL1mvLT9YrvE7gdJlmJ84v34juGPsp\nb5xmqE506nYpCunWnfHJ9YdlOmRCyKoshLdgBNzU9E40dEMqbM60K4WNGio7E6Jh\nXojKU4kgAgK3dSoP9LQsHtldSU67WAW2HYVhgD9bQMUDkivhg5h3KxFXUlW8fsqE\nWtTTMmG/XKKh5CRXByObR8P/xlzS75scUc3c9RRA3SWxEPmsYDzbowUgQk16drrD\n2rSCEcmprXrkIrfuwUO5pjTKprkmX3uqkaPfg5ImUzU5vMWw8rjLcNVhzTTnWHdW\nFu59RYXKSQzXR2wXD3aILj2JOTvaxiL9TL4r/QIDAQABAoIBAQClcCefa8lwB43Y\nAzkf/XmOKj2/SZeyQ1YnsuB5zxCANIXN2/qsxM362NIyGqddyXOQ0p6lxfXOKptc\nMiiXb7aVuXCYVz+IGQVoSI5bxu8UVH3edPXcDH88RPIBNn2USMCr6prypR5p5Iyc\njTwtxFxrjEUXFWOMYKR5vF977749As7TqS3aWGmCW/jc/BUEA90odL5+ed2lUAQc\nbRW/jHfRQB2G5aww4FUTJf6I5KdSh6tagqMxDdkyk1ccZQVz+TWtAceXpe9MV/Zr\nbtiSflBMvHPG5oYjcAvtTfW+BJP6cRhNiTNBDLEEhqUe2IFkVtF2jnAaDGUsBQuJ\nwh2MJplhAoGBAORHnujyqsTPfd580VfMqZCJCkCVUT1g8FbYWx2bv5BtR9dAR500\n0mMqw3QzfuLOA01fm4pU3xR4S2Bsm0lwuLbd7K8CB0OyhJ/jLlVhBRGZGs5mB5Si\n60cgY04ANVaJ6ipLHPNtW3P1kBLH1KQHS+CMGaeJCHcxgxcuLLmDLMy1AoGBANEx\nV915zG1Ownp9EwjhA8DJkvzk+78BBFbu0zaI6MV6XF0/2VaHGwdSEC/+LeqndfGV\n2xEt6o9AjCO4Rw+mslTR57mmfgTONzMrT9R/xxRfqlTgheIw39sMu6svR4BVR4dd\nDug/k7kh+pS1GeoEshSaAsyV16apNuVzlS0UzLcpAoGBAKzYJdRP2UlHqhBKBeAq\n0MDlYmPgKzEEMzYuf179zKA4fkrXGuJHWn1HpdJYI1zri8iL+aNV+8ruAnSyByom\nNVYQ1uLz8Dgr9Qty4mQ3H7VhbdCVpGvAp9ClD0vCEKDDsA/x66vNQ4+bgUkXEURZ\nWfRdYBdgRI6raIymo6qbTdJ5AoGAabShTYyqO+G8a+CfqbDqEJTK7XdXrmB5LORp\nXfk4hfEakxQcYpjKk5xoCZhK43PTKUwr8jZdfB2Fstb/MW1uV2XpzenPa+Y4Bmcw\nY5RdqHHexBzgCjfgJfP9MLcnTjXJeyEO01Ss9LOyx0nr2lCdG8Pm/jIJUnHXB4Ks\nMqd7+mECgYEAiyjt0I0IOtq51PIYzU1OYR5SIl/L6qd6B7tV24HqtM1aMBM3IT01\nObd5UYVI7JPTcGHU/rN/WWpx4/zfs1cLDYJI5hsO1fAsocB4m93PQRH/8yDjCw/l\nVSNSZBwzjEiiAy2Jk4CbgihXzFq1Rufzf2rS0o0q4ltL0ylY3zreZBM=\n-----END RSA PRIVATE KEY-----\n",
      "type": "string"
    },
    "public_ip": {
      "value": "130.61.95.166",
      "type": "string"
    },
    "public_key": {
      "value": "ssh-rsa AAAAB3NzaC1yc2EAAAADAQABAAABAQC6injLbiVblg4DV+DUpAvWa8tP1iu8TuB0mWYnzi/fiO4Y+ylvnGaoTnTqdikK6dad8cn1h2U6ZELIqiyEt2AE3NT0TjR0QypszrQrhY0aKjsTomFeiMpTiSACArd1Kg/0tCwe2V1JTrtYBbYdhWGAP1tAxQOSK+GDmHcrEVdSVbx+yoRa1NMyYb9coqHkJFcHI5tHw//GXNLvmxxRzdz1FEDdJbEQ+axgPNujBSBCTXp2usPatIIRyamteuQit+7BQ7mmNMqmuSZfe6qRo9+DkiZTNTm8xbDyuMtw1WHNNOdYd1YW7n1FhcpJDNdHbBcPdoguPYk5O9rGIv1Mviv9\n",
      "type": "string"
    }
  },
  "resources": [
    {
      "mode": "data",
      "type": "oci_core_images",
      "name": "personal_server_image",
      "provider": "provider.oci",
      "instances": [
        {
          "schema_version": 0,
          "attributes": {
            "compartment_id": "ocid1.compartment.oc1..aaaaaaaabziajzdwbqymtzevgwx3rmzdcbw5ezikesbdljiplujch23du2xa",
            "display_name": null,
            "filter": null,
            "id": "2019-12-17 13:22:54.77017 +0000 UTC",
            "images": [
              {
                "agent_features": [],
                "base_image_id": "",
                "compartment_id": "",
                "create_image_allowed": true,
                "defined_tags": {},
                "display_name": "Oracle-Linux-7.7-2019.11.12-0",
                "freeform_tags": {},
                "id": "ocid1.image.oc1.eu-frankfurt-1.aaaaaaaa3bu75jht762mfvwroa2gdck6boqwyktztyu5dfhftcycucyp63ma",
                "image_source_details": [],
                "instance_id": "",
                "launch_mode": "NATIVE",
                "launch_options": [
                  {
                    "boot_volume_type": "PARAVIRTUALIZED",
                    "firmware": "UEFI_64",
                    "is_consistent_volume_naming_enabled": true,
                    "is_pv_encryption_in_transit_enabled": true,
                    "network_type": "PARAVIRTUALIZED",
                    "remote_data_volume_type": "PARAVIRTUALIZED"
                  }
                ],
                "operating_system": "Oracle Linux",
                "operating_system_version": "7.7",
                "size_in_mbs": "47694",
                "state": "AVAILABLE",
                "time_created": "2019-11-11 15:07:01.97 +0000 UTC"
              },
              {
                "agent_features": [],
                "base_image_id": "",
                "compartment_id": "",
                "create_image_allowed": true,
                "defined_tags": {},
                "display_name": "Oracle-Linux-7.7-2019.10.19-0",
                "freeform_tags": {},
                "id": "ocid1.image.oc1.eu-frankfurt-1.aaaaaaaatg3vbdctkxzvtzsrqhlkugep4rtmqohypphypbjjt34hib6i2jaa",
                "image_source_details": [],
                "instance_id": "",
                "launch_mode": "NATIVE",
                "launch_options": [
                  {
                    "boot_volume_type": "PARAVIRTUALIZED",
                    "firmware": "UEFI_64",
                    "is_consistent_volume_naming_enabled": true,
                    "is_pv_encryption_in_transit_enabled": true,
                    "network_type": "PARAVIRTUALIZED",
                    "remote_data_volume_type": "PARAVIRTUALIZED"
                  }
                ],
                "operating_system": "Oracle Linux",
                "operating_system_version": "7.7",
                "size_in_mbs": "47694",
                "state": "AVAILABLE",
                "time_created": "2019-10-19 14:34:19.27 +0000 UTC"
              },
              {
                "agent_features": [],
                "base_image_id": "",
                "compartment_id": "",
                "create_image_allowed": true,
                "defined_tags": {},
                "display_name": "Oracle-Linux-7.7-2019.09.25-0",
                "freeform_tags": {},
                "id": "ocid1.image.oc1.eu-frankfurt-1.aaaaaaaajqghpxnszpnghz3um66jywaw5q3pudfw5qwwkyu24ef7lcsyjhsq",
                "image_source_details": [],
                "instance_id": "",
                "launch_mode": "NATIVE",
                "launch_options": [
                  {
                    "boot_volume_type": "PARAVIRTUALIZED",
                    "firmware": "UEFI_64",
                    "is_consistent_volume_naming_enabled": true,
                    "is_pv_encryption_in_transit_enabled": true,
                    "network_type": "PARAVIRTUALIZED",
                    "remote_data_volume_type": "PARAVIRTUALIZED"
                  }
                ],
                "operating_system": "Oracle Linux",
                "operating_system_version": "7.7",
                "size_in_mbs": "47694",
                "state": "AVAILABLE",
                "time_created": "2019-09-26 21:55:21.93 +0000 UTC"
              },
              {
                "agent_features": [],
                "base_image_id": "",
                "compartment_id": "",
                "create_image_allowed": true,
                "defined_tags": {},
                "display_name": "Oracle-Linux-6.10-2019.11.12-0",
                "freeform_tags": {},
                "id": "ocid1.image.oc1.eu-frankfurt-1.aaaaaaaa6wa5i35ble2fig5eztab3koq3thwaaxqej52u3vc5aaq3g7xmmta",
                "image_source_details": [],
                "instance_id": "",
                "launch_mode": "NATIVE",
                "launch_options": [
                  {
                    "boot_volume_type": "PARAVIRTUALIZED",
                    "firmware": "UEFI_64",
                    "is_consistent_volume_naming_enabled": true,
                    "is_pv_encryption_in_transit_enabled": true,
                    "network_type": "PARAVIRTUALIZED",
                    "remote_data_volume_type": "PARAVIRTUALIZED"
                  }
                ],
                "operating_system": "Oracle Linux",
                "operating_system_version": "6.10",
                "size_in_mbs": "47694",
                "state": "AVAILABLE",
                "time_created": "2019-11-11 01:29:21.002 +0000 UTC"
              },
              {
                "agent_features": [],
                "base_image_id": "",
                "compartment_id": "",
                "create_image_allowed": true,
                "defined_tags": {},
                "display_name": "Oracle-Linux-6.10-2019.09.25-0",
                "freeform_tags": {},
                "id": "ocid1.image.oc1.eu-frankfurt-1.aaaaaaaate7vhjyimwcoai3r53uds23257hdw2mfj36iqtqmi3jeubompd4a",
                "image_source_details": [],
                "instance_id": "",
                "launch_mode": "NATIVE",
                "launch_options": [
                  {
                    "boot_volume_type": "PARAVIRTUALIZED",
                    "firmware": "UEFI_64",
                    "is_consistent_volume_naming_enabled": true,
                    "is_pv_encryption_in_transit_enabled": true,
                    "network_type": "PARAVIRTUALIZED",
                    "remote_data_volume_type": "PARAVIRTUALIZED"
                  }
                ],
                "operating_system": "Oracle Linux",
                "operating_system_version": "6.10",
                "size_in_mbs": "47694",
                "state": "AVAILABLE",
                "time_created": "2019-09-26 19:35:25.043 +0000 UTC"
              },
              {
                "agent_features": [],
                "base_image_id": "",
                "compartment_id": "",
                "create_image_allowed": true,
                "defined_tags": {},
                "display_name": "Oracle-Linux-6.10-2019.08.30-0",
                "freeform_tags": {},
                "id": "ocid1.image.oc1.eu-frankfurt-1.aaaaaaaawlfyj3knijnfrgpeqegz2afjnnelxeywbjsmcesbf7d2iawszsxa",
                "image_source_details": [],
                "instance_id": "",
                "launch_mode": "NATIVE",
                "launch_options": [
                  {
                    "boot_volume_type": "PARAVIRTUALIZED",
                    "firmware": "UEFI_64",
                    "is_consistent_volume_naming_enabled": true,
                    "is_pv_encryption_in_transit_enabled": true,
                    "network_type": "PARAVIRTUALIZED",
                    "remote_data_volume_type": "PARAVIRTUALIZED"
                  }
                ],
                "operating_system": "Oracle Linux",
                "operating_system_version": "6.10",
                "size_in_mbs": "47694",
                "state": "AVAILABLE",
                "time_created": "2019-08-30 23:41:53.593 +0000 UTC"
              }
            ],
            "operating_system": "Oracle Linux",
            "operating_system_version": null,
            "shape": "VM.Standard.E2.1",
            "sort_by": null,
            "sort_order": null,
            "state": null
          }
        }
      ]
    },
    {
      "mode": "data",
      "type": "oci_identity_availability_domains",
      "name": "ads",
      "provider": "provider.oci",
      "instances": [
        {
          "schema_version": 0,
          "attributes": {
            "availability_domains": [
              {
                "compartment_id": "ocid1.tenancy.oc1..aaaaaaaapzsvi6joxlefvrtcoigx7zongyiwzo3bccykakfqksbqqhjpkeaq",
                "id": "ocid1.availabilitydomain.oc1..aaaaaaaalcdcbl7u6akbmkojxhrozpj2v7yavqqydkj3ytyjbt47lnoqnm2q",
                "name": "ltaS:EU-FRANKFURT-1-AD-1"
              },
              {
                "compartment_id": "ocid1.tenancy.oc1..aaaaaaaapzsvi6joxlefvrtcoigx7zongyiwzo3bccykakfqksbqqhjpkeaq",
                "id": "ocid1.availabilitydomain.oc1..aaaaaaaaiifj24st3w4j7cowuo3pmqcuqwjapjv435vtjmgh5j7q3flguwna",
                "name": "ltaS:EU-FRANKFURT-1-AD-2"
              },
              {
                "compartment_id": "ocid1.tenancy.oc1..aaaaaaaapzsvi6joxlefvrtcoigx7zongyiwzo3bccykakfqksbqqhjpkeaq",
                "id": "ocid1.availabilitydomain.oc1..aaaaaaaaa2artt5wizbqvwl3rgptylx2l7jqbnyv4dygcfvlrd3dphvi3mdq",
                "name": "ltaS:EU-FRANKFURT-1-AD-3"
              }
            ],
            "compartment_id": "ocid1.tenancy.oc1..aaaaaaaapzsvi6joxlefvrtcoigx7zongyiwzo3bccykakfqksbqqhjpkeaq",
            "filter": null,
            "id": "2019-12-17 13:22:54.773833 +0000 UTC"
          }
        }
      ]
    },
    {
      "mode": "managed",
      "type": "null_resource",
      "name": "remote-exec",
      "provider": "provider.null",
      "instances": [
        {
          "schema_version": 0,
          "attributes": {
            "id": "5110350979198636913",
            "triggers": null
          },
          "private": "bnVsbA==",
          "depends_on": [
            "oci_core_instance.personal_server_vm_instance",
            "tls_private_key.public_private_key_pair"
          ]
        }
      ]
    },
    {
      "mode": "managed",
      "type": "oci_core_instance",
      "name": "personal_server_vm_instance",
      "provider": "provider.oci",
      "instances": [
        {
          "schema_version": 0,
          "attributes": {
            "agent_config": [
              {
                "is_monitoring_disabled": false
              }
            ],
            "availability_domain": "ltaS:EU-FRANKFURT-1-AD-1",
            "boot_volume_id": "ocid1.bootvolume.oc1.eu-frankfurt-1.abtheljtjgniw4zn4s24m7xjc44hks3jjq5e4hr566bbmrm5jlfgyatkuu5q",
            "compartment_id": "ocid1.compartment.oc1..aaaaaaaabziajzdwbqymtzevgwx3rmzdcbw5ezikesbdljiplujch23du2xa",
            "create_vnic_details": [
              {
                "assign_public_ip": "true",
                "defined_tags": {},
                "display_name": "primary_vnic",
                "freeform_tags": {},
                "hostname_label": "",
                "nsg_ids": null,
                "private_ip": "10.0.1.2",
                "skip_source_dest_check": false,
                "subnet_id": "ocid1.subnet.oc1.eu-frankfurt-1.aaaaaaaarkxunooflprbx5wlplxan6hxgrtu5x3ne3eh7q6skqnz5p454qxa"
              }
            ],
            "dedicated_vm_host_id": null,
            "defined_tags": {},
            "display_name": "personal_server_vm_instance",
            "extended_metadata": null,
            "fault_domain": "FAULT-DOMAIN-3",
            "freeform_tags": {},
            "hostname_label": "",
            "id": "ocid1.instance.oc1.eu-frankfurt-1.antheljtkythbdacjjdllhivqtwh4ua27as6i3y7r5plqou254r6byelq5ua",
            "image": "ocid1.image.oc1.eu-frankfurt-1.aaaaaaaa3bu75jht762mfvwroa2gdck6boqwyktztyu5dfhftcycucyp63ma",
            "ipxe_script": null,
            "is_pv_encryption_in_transit_enabled": null,
            "launch_mode": "PARAVIRTUALIZED",
            "launch_options": [
              {
                "boot_volume_type": "PARAVIRTUALIZED",
                "firmware": "UEFI_64",
                "is_consistent_volume_naming_enabled": true,
                "is_pv_encryption_in_transit_enabled": true,
                "network_type": "PARAVIRTUALIZED",
                "remote_data_volume_type": "PARAVIRTUALIZED"
              }
            ],
            "metadata": {
              "ssh_authorized_keys": "ssh-rsa AAAAB3NzaC1yc2EAAAADAQABAAABAQC6injLbiVblg4DV+DUpAvWa8tP1iu8TuB0mWYnzi/fiO4Y+ylvnGaoTnTqdikK6dad8cn1h2U6ZELIqiyEt2AE3NT0TjR0QypszrQrhY0aKjsTomFeiMpTiSACArd1Kg/0tCwe2V1JTrtYBbYdhWGAP1tAxQOSK+GDmHcrEVdSVbx+yoRa1NMyYb9coqHkJFcHI5tHw//GXNLvmxxRzdz1FEDdJbEQ+axgPNujBSBCTXp2usPatIIRyamteuQit+7BQ7mmNMqmuSZfe6qRo9+DkiZTNTm8xbDyuMtw1WHNNOdYd1YW7n1FhcpJDNdHbBcPdoguPYk5O9rGIv1Mviv9\n"
            },
            "preserve_boot_volume": null,
            "private_ip": "10.0.1.2",
            "public_ip": "130.61.95.166",
            "region": "eu-frankfurt-1",
            "shape": "VM.Standard.E2.1",
            "source_details": [
              {
                "boot_volume_size_in_gbs": "47",
                "kms_key_id": "",
                "source_id": "ocid1.image.oc1.eu-frankfurt-1.aaaaaaaa3bu75jht762mfvwroa2gdck6boqwyktztyu5dfhftcycucyp63ma",
                "source_type": "image"
              }
            ],
            "state": "RUNNING",
            "subnet_id": "ocid1.subnet.oc1.eu-frankfurt-1.aaaaaaaarkxunooflprbx5wlplxan6hxgrtu5x3ne3eh7q6skqnz5p454qxa",
            "system_tags": {},
            "time_created": "2019-12-17 13:23:01.843 +0000 UTC",
            "time_maintenance_reboot_due": "",
            "timeouts": {
              "create": "5m",
              "delete": null,
              "update": null
            }
          },
          "private": "eyJlMmJmYjczMC1lY2FhLTExZTYtOGY4OC0zNDM2M2JjN2M0YzAiOnsiY3JlYXRlIjozMDAwMDAwMDAwMDAsImRlbGV0ZSI6NzIwMDAwMDAwMDAwMCwidXBkYXRlIjo3MjAwMDAwMDAwMDAwfX0=",
          "depends_on": [
            "oci_core_subnet.personal_server_sn",
            "tls_private_key.public_private_key_pair"
          ]
        }
      ]
    },
    {
      "mode": "managed",
      "type": "oci_core_internet_gateway",
      "name": "personal_server_igw",
      "provider": "provider.oci",
      "instances": [
        {
          "schema_version": 0,
          "attributes": {
            "compartment_id": "ocid1.compartment.oc1..aaaaaaaabziajzdwbqymtzevgwx3rmzdcbw5ezikesbdljiplujch23du2xa",
            "defined_tags": {},
            "display_name": "personal_server_igw",
            "enabled": true,
            "freeform_tags": {},
            "id": "ocid1.internetgateway.oc1.eu-frankfurt-1.aaaaaaaapcop4zfdfjrpc4cjsfgnwnhstmm4mvc6dy2rtrchzvgnb2teaulq",
            "state": "AVAILABLE",
            "time_created": "2019-12-17 13:23:00.149 +0000 UTC",
            "timeouts": null,
            "vcn_id": "ocid1.vcn.oc1.eu-frankfurt-1.amaaaaaakythbdaal6gr2mcld4l2xzito4ka3b7vdvtx4relzcij2dbwb6pq"
          },
          "private": "eyJlMmJmYjczMC1lY2FhLTExZTYtOGY4OC0zNDM2M2JjN2M0YzAiOnsiY3JlYXRlIjo5MDAwMDAwMDAwMDAsImRlbGV0ZSI6OTAwMDAwMDAwMDAwLCJ1cGRhdGUiOjkwMDAwMDAwMDAwMH19",
          "depends_on": [
            "oci_core_vcn.personal_server_vcn"
          ]
        }
      ]
    },
    {
      "mode": "managed",
      "type": "oci_core_route_table",
      "name": "personal_server_rt",
      "provider": "provider.oci",
      "instances": [
        {
          "schema_version": 0,
          "attributes": {
            "compartment_id": "ocid1.compartment.oc1..aaaaaaaabziajzdwbqymtzevgwx3rmzdcbw5ezikesbdljiplujch23du2xa",
            "defined_tags": {},
            "display_name": "personal_server_rt",
            "freeform_tags": {},
            "id": "ocid1.routetable.oc1.eu-frankfurt-1.aaaaaaaavf22s43snpmh7k3t5yrkzl6dhkod3gwkbojzs6rshjp7c5kqlpzq",
            "route_rules": [
              {
                "cidr_block": "",
                "destination": "0.0.0.0/0",
                "destination_type": "CIDR_BLOCK",
                "network_entity_id": "ocid1.internetgateway.oc1.eu-frankfurt-1.aaaaaaaapcop4zfdfjrpc4cjsfgnwnhstmm4mvc6dy2rtrchzvgnb2teaulq"
              }
            ],
            "state": "AVAILABLE",
            "time_created": "2019-12-17 13:23:00.452 +0000 UTC",
            "timeouts": null,
            "vcn_id": "ocid1.vcn.oc1.eu-frankfurt-1.amaaaaaakythbdaal6gr2mcld4l2xzito4ka3b7vdvtx4relzcij2dbwb6pq"
          },
          "private": "eyJlMmJmYjczMC1lY2FhLTExZTYtOGY4OC0zNDM2M2JjN2M0YzAiOnsiY3JlYXRlIjo5MDAwMDAwMDAwMDAsImRlbGV0ZSI6OTAwMDAwMDAwMDAwLCJ1cGRhdGUiOjkwMDAwMDAwMDAwMH19",
          "depends_on": [
            "oci_core_internet_gateway.personal_server_igw",
            "oci_core_vcn.personal_server_vcn"
          ]
        }
      ]
    },
    {
      "mode": "managed",
      "type": "oci_core_security_list",
      "name": "personal_server_sl",
      "provider": "provider.oci",
      "instances": [
        {
          "schema_version": 0,
          "attributes": {
            "compartment_id": "ocid1.compartment.oc1..aaaaaaaabziajzdwbqymtzevgwx3rmzdcbw5ezikesbdljiplujch23du2xa",
            "defined_tags": {},
            "display_name": "personal_server_sl",
            "egress_security_rules": [
              {
                "destination": "0.0.0.0/0",
                "destination_type": "CIDR_BLOCK",
                "icmp_options": [],
                "protocol": "all",
                "stateless": false,
                "tcp_options": [],
                "udp_options": []
              }
            ],
            "freeform_tags": {},
            "id": "ocid1.securitylist.oc1.eu-frankfurt-1.aaaaaaaagubyi4uflotjxux7tyfm73t5zmxkevgtgoolcrconhj7sdd6cawa",
            "ingress_security_rules": [
              {
                "icmp_options": [],
                "protocol": "6",
                "source": "0.0.0.0/0",
                "source_type": "CIDR_BLOCK",
                "stateless": false,
                "tcp_options": [
                  {
                    "max": 22,
                    "min": 22,
                    "source_port_range": []
                  }
                ],
                "udp_options": []
              },
              {
                "icmp_options": [],
                "protocol": "6",
                "source": "0.0.0.0/0",
                "source_type": "CIDR_BLOCK",
                "stateless": false,
                "tcp_options": [
                  {
                    "max": 80,
                    "min": 80,
                    "source_port_range": []
                  }
                ],
                "udp_options": []
              }
            ],
            "state": "AVAILABLE",
            "time_created": "2019-12-17 13:23:00.304 +0000 UTC",
            "timeouts": null,
            "vcn_id": "ocid1.vcn.oc1.eu-frankfurt-1.amaaaaaakythbdaal6gr2mcld4l2xzito4ka3b7vdvtx4relzcij2dbwb6pq"
          },
          "private": "eyJlMmJmYjczMC1lY2FhLTExZTYtOGY4OC0zNDM2M2JjN2M0YzAiOnsiY3JlYXRlIjo5MDAwMDAwMDAwMDAsImRlbGV0ZSI6OTAwMDAwMDAwMDAwLCJ1cGRhdGUiOjkwMDAwMDAwMDAwMH19",
          "depends_on": [
            "oci_core_vcn.personal_server_vcn"
          ]
        }
      ]
    },
    {
      "mode": "managed",
      "type": "oci_core_subnet",
      "name": "personal_server_sn",
      "provider": "provider.oci",
      "instances": [
        {
          "schema_version": 0,
          "attributes": {
            "availability_domain": "ltaS:EU-FRANKFURT-1-AD-1",
            "cidr_block": "10.0.1.0/24",
            "compartment_id": "ocid1.compartment.oc1..aaaaaaaabziajzdwbqymtzevgwx3rmzdcbw5ezikesbdljiplujch23du2xa",
            "defined_tags": {},
            "dhcp_options_id": "ocid1.dhcpoptions.oc1.eu-frankfurt-1.aaaaaaaa2iwentwxtmdfejgzra33ui3ejnlnrdvmcdbwobmewvkhdw344e3q",
            "display_name": "personal_server_sn",
            "dns_label": null,
            "freeform_tags": {},
            "id": "ocid1.subnet.oc1.eu-frankfurt-1.aaaaaaaarkxunooflprbx5wlplxan6hxgrtu5x3ne3eh7q6skqnz5p454qxa",
            "ipv6cidr_block": null,
            "ipv6public_cidr_block": null,
            "ipv6virtual_router_ip": null,
            "prohibit_public_ip_on_vnic": false,
            "route_table_id": "ocid1.routetable.oc1.eu-frankfurt-1.aaaaaaaavf22s43snpmh7k3t5yrkzl6dhkod3gwkbojzs6rshjp7c5kqlpzq",
            "security_list_ids": [
              "ocid1.securitylist.oc1.eu-frankfurt-1.aaaaaaaagubyi4uflotjxux7tyfm73t5zmxkevgtgoolcrconhj7sdd6cawa"
            ],
            "state": "AVAILABLE",
            "subnet_domain_name": null,
            "time_created": "2019-12-17 13:23:00.689 +0000 UTC",
            "timeouts": null,
            "vcn_id": "ocid1.vcn.oc1.eu-frankfurt-1.amaaaaaakythbdaal6gr2mcld4l2xzito4ka3b7vdvtx4relzcij2dbwb6pq",
            "virtual_router_ip": "10.0.1.1",
            "virtual_router_mac": "00:00:17:67:CA:15"
          },
          "private": "eyJlMmJmYjczMC1lY2FhLTExZTYtOGY4OC0zNDM2M2JjN2M0YzAiOnsiY3JlYXRlIjo5MDAwMDAwMDAwMDAsImRlbGV0ZSI6OTAwMDAwMDAwMDAwLCJ1cGRhdGUiOjkwMDAwMDAwMDAwMH19",
          "depends_on": [
            "oci_core_route_table.personal_server_rt",
            "oci_core_security_list.personal_server_sl",
            "oci_core_vcn.personal_server_vcn"
          ]
        }
      ]
    },
    {
      "mode": "managed",
      "type": "oci_core_vcn",
      "name": "personal_server_vcn",
      "provider": "provider.oci",
      "instances": [
        {
          "schema_version": 0,
          "attributes": {
            "cidr_block": "10.0.0.0/16",
            "compartment_id": "ocid1.compartment.oc1..aaaaaaaabziajzdwbqymtzevgwx3rmzdcbw5ezikesbdljiplujch23du2xa",
            "default_dhcp_options_id": "ocid1.dhcpoptions.oc1.eu-frankfurt-1.aaaaaaaa2iwentwxtmdfejgzra33ui3ejnlnrdvmcdbwobmewvkhdw344e3q",
            "default_route_table_id": "ocid1.routetable.oc1.eu-frankfurt-1.aaaaaaaarycrlaomqixswz4fx6dzfc4bjpn3l5nnvkxs26tna6q7eekvscda",
            "default_security_list_id": "ocid1.securitylist.oc1.eu-frankfurt-1.aaaaaaaamy466jafkjdwl55l2umhbi3ndu6i7gfiabxink6xfgjfn7fiki7a",
            "defined_tags": {},
            "display_name": "personal_server_vcn",
            "dns_label": null,
            "freeform_tags": {},
            "id": "ocid1.vcn.oc1.eu-frankfurt-1.amaaaaaakythbdaal6gr2mcld4l2xzito4ka3b7vdvtx4relzcij2dbwb6pq",
            "ipv6cidr_block": null,
            "ipv6public_cidr_block": null,
            "is_ipv6enabled": null,
            "state": "AVAILABLE",
            "time_created": "2019-12-17 13:22:59.626 +0000 UTC",
            "timeouts": null,
            "vcn_domain_name": null
          },
          "private": "eyJlMmJmYjczMC1lY2FhLTExZTYtOGY4OC0zNDM2M2JjN2M0YzAiOnsiY3JlYXRlIjo5MDAwMDAwMDAwMDAsImRlbGV0ZSI6OTAwMDAwMDAwMDAwLCJ1cGRhdGUiOjkwMDAwMDAwMDAwMH19"
        }
      ]
    },
    {
      "mode": "managed",
      "type": "tls_private_key",
      "name": "public_private_key_pair",
      "provider": "provider.tls",
      "instances": [
        {
          "schema_version": 0,
          "attributes": {
            "algorithm": "RSA",
            "ecdsa_curve": "P224",
            "id": "dba6ec7b88a7d5a348557c2f53c6b3d3ec4c1195",
            "private_key_pem": "-----BEGIN RSA PRIVATE KEY-----\nMIIEpQIBAAKCAQEAuop4y24lW5YOA1fg1KQL1mvLT9YrvE7gdJlmJ84v34juGPsp\nb5xmqE506nYpCunWnfHJ9YdlOmRCyKoshLdgBNzU9E40dEMqbM60K4WNGio7E6Jh\nXojKU4kgAgK3dSoP9LQsHtldSU67WAW2HYVhgD9bQMUDkivhg5h3KxFXUlW8fsqE\nWtTTMmG/XKKh5CRXByObR8P/xlzS75scUc3c9RRA3SWxEPmsYDzbowUgQk16drrD\n2rSCEcmprXrkIrfuwUO5pjTKprkmX3uqkaPfg5ImUzU5vMWw8rjLcNVhzTTnWHdW\nFu59RYXKSQzXR2wXD3aILj2JOTvaxiL9TL4r/QIDAQABAoIBAQClcCefa8lwB43Y\nAzkf/XmOKj2/SZeyQ1YnsuB5zxCANIXN2/qsxM362NIyGqddyXOQ0p6lxfXOKptc\nMiiXb7aVuXCYVz+IGQVoSI5bxu8UVH3edPXcDH88RPIBNn2USMCr6prypR5p5Iyc\njTwtxFxrjEUXFWOMYKR5vF977749As7TqS3aWGmCW/jc/BUEA90odL5+ed2lUAQc\nbRW/jHfRQB2G5aww4FUTJf6I5KdSh6tagqMxDdkyk1ccZQVz+TWtAceXpe9MV/Zr\nbtiSflBMvHPG5oYjcAvtTfW+BJP6cRhNiTNBDLEEhqUe2IFkVtF2jnAaDGUsBQuJ\nwh2MJplhAoGBAORHnujyqsTPfd580VfMqZCJCkCVUT1g8FbYWx2bv5BtR9dAR500\n0mMqw3QzfuLOA01fm4pU3xR4S2Bsm0lwuLbd7K8CB0OyhJ/jLlVhBRGZGs5mB5Si\n60cgY04ANVaJ6ipLHPNtW3P1kBLH1KQHS+CMGaeJCHcxgxcuLLmDLMy1AoGBANEx\nV915zG1Ownp9EwjhA8DJkvzk+78BBFbu0zaI6MV6XF0/2VaHGwdSEC/+LeqndfGV\n2xEt6o9AjCO4Rw+mslTR57mmfgTONzMrT9R/xxRfqlTgheIw39sMu6svR4BVR4dd\nDug/k7kh+pS1GeoEshSaAsyV16apNuVzlS0UzLcpAoGBAKzYJdRP2UlHqhBKBeAq\n0MDlYmPgKzEEMzYuf179zKA4fkrXGuJHWn1HpdJYI1zri8iL+aNV+8ruAnSyByom\nNVYQ1uLz8Dgr9Qty4mQ3H7VhbdCVpGvAp9ClD0vCEKDDsA/x66vNQ4+bgUkXEURZ\nWfRdYBdgRI6raIymo6qbTdJ5AoGAabShTYyqO+G8a+CfqbDqEJTK7XdXrmB5LORp\nXfk4hfEakxQcYpjKk5xoCZhK43PTKUwr8jZdfB2Fstb/MW1uV2XpzenPa+Y4Bmcw\nY5RdqHHexBzgCjfgJfP9MLcnTjXJeyEO01Ss9LOyx0nr2lCdG8Pm/jIJUnHXB4Ks\nMqd7+mECgYEAiyjt0I0IOtq51PIYzU1OYR5SIl/L6qd6B7tV24HqtM1aMBM3IT01\nObd5UYVI7JPTcGHU/rN/WWpx4/zfs1cLDYJI5hsO1fAsocB4m93PQRH/8yDjCw/l\nVSNSZBwzjEiiAy2Jk4CbgihXzFq1Rufzf2rS0o0q4ltL0ylY3zreZBM=\n-----END RSA PRIVATE KEY-----\n",
            "public_key_fingerprint_md5": "6b:63:f6:71:e1:a9:e3:cc:f2:66:44:2c:b7:6f:9c:02",
            "public_key_openssh": "ssh-rsa AAAAB3NzaC1yc2EAAAADAQABAAABAQC6injLbiVblg4DV+DUpAvWa8tP1iu8TuB0mWYnzi/fiO4Y+ylvnGaoTnTqdikK6dad8cn1h2U6ZELIqiyEt2AE3NT0TjR0QypszrQrhY0aKjsTomFeiMpTiSACArd1Kg/0tCwe2V1JTrtYBbYdhWGAP1tAxQOSK+GDmHcrEVdSVbx+yoRa1NMyYb9coqHkJFcHI5tHw//GXNLvmxxRzdz1FEDdJbEQ+axgPNujBSBCTXp2usPatIIRyamteuQit+7BQ7mmNMqmuSZfe6qRo9+DkiZTNTm8xbDyuMtw1WHNNOdYd1YW7n1FhcpJDNdHbBcPdoguPYk5O9rGIv1Mviv9\n",
            "public_key_pem": "-----BEGIN PUBLIC KEY-----\nMIIBIjANBgkqhkiG9w0BAQEFAAOCAQ8AMIIBCgKCAQEAuop4y24lW5YOA1fg1KQL\n1mvLT9YrvE7gdJlmJ84v34juGPspb5xmqE506nYpCunWnfHJ9YdlOmRCyKoshLdg\nBNzU9E40dEMqbM60K4WNGio7E6JhXojKU4kgAgK3dSoP9LQsHtldSU67WAW2HYVh\ngD9bQMUDkivhg5h3KxFXUlW8fsqEWtTTMmG/XKKh5CRXByObR8P/xlzS75scUc3c\n9RRA3SWxEPmsYDzbowUgQk16drrD2rSCEcmprXrkIrfuwUO5pjTKprkmX3uqkaPf\ng5ImUzU5vMWw8rjLcNVhzTTnWHdWFu59RYXKSQzXR2wXD3aILj2JOTvaxiL9TL4r\n/QIDAQAB\n-----END PUBLIC KEY-----\n",
            "rsa_bits": 2048
          },
          "private": "bnVsbA=="
        }
      ]
    }
  ]
}
